
Microsoft Visual Studio Solution File, Format Version 12.00
# Visual Studio 15
VisualStudioVersion = 15.0.25807.0
MinimumVisualStudioVersion = 10.0.40219.1
Project("{2150E333-8FDC-42A3-9474-1A3956D46DE8}") = "Engine", "Engine", "{D07978D0-93FA-4A62-9872-C75AD81F8602}"
EndProject
Project("{2150E333-8FDC-42A3-9474-1A3956D46DE8}") = "Games", "Games", "{8D4F5436-730B-4A9C-9D7F-C7E4C67AB986}"
EndProject
Project("{8BC9CEB8-8B4A-11D0-8D11-00A0C91BC942}") = "UE4", "Intermediate\ProjectFiles\UE4.vcxproj", "{19CAED9B-90E4-4124-B196-344D003329D3}"
EndProject
Project("{8BC9CEB8-8B4A-11D0-8D11-00A0C91BC942}") = "Bluehole_project", "Intermediate\ProjectFiles\Bluehole_project.vcxproj", "{19BA92C6-8D09-4CDA-90E7-DA49144C0BD4}"
EndProject
Global
	GlobalSection(SolutionConfigurationPlatforms) = preSolution
		DebugGame Editor|HTML5 = DebugGame Editor|HTML5
		DebugGame Editor|Win32 = DebugGame Editor|Win32
		DebugGame Editor|Win64 = DebugGame Editor|Win64
		DebugGame|HTML5 = DebugGame|HTML5
		DebugGame|Win32 = DebugGame|Win32
		DebugGame|Win64 = DebugGame|Win64
		Development Editor|HTML5 = Development Editor|HTML5
		Development Editor|Win32 = Development Editor|Win32
		Development Editor|Win64 = Development Editor|Win64
		Development|HTML5 = Development|HTML5
		Development|Win32 = Development|Win32
		Development|Win64 = Development|Win64
		Shipping|HTML5 = Shipping|HTML5
		Shipping|Win32 = Shipping|Win32
		Shipping|Win64 = Shipping|Win64
	EndGlobalSection
	GlobalSection(ProjectConfigurationPlatforms) = postSolution
		{19CAED9B-90E4-4124-B196-344D003329D3}.DebugGame Editor|HTML5.ActiveCfg = BuiltWithUnrealBuildTool|Win32
		{19CAED9B-90E4-4124-B196-344D003329D3}.DebugGame Editor|HTML5.Build.0 = BuiltWithUnrealBuildTool|Win32
		{19CAED9B-90E4-4124-B196-344D003329D3}.DebugGame Editor|Win32.ActiveCfg = BuiltWithUnrealBuildTool|Win32
		{19CAED9B-90E4-4124-B196-344D003329D3}.DebugGame Editor|Win32.Build.0 = BuiltWithUnrealBuildTool|Win32
		{19CAED9B-90E4-4124-B196-344D003329D3}.DebugGame Editor|Win64.ActiveCfg = BuiltWithUnrealBuildTool|Win32
		{19CAED9B-90E4-4124-B196-344D003329D3}.DebugGame Editor|Win64.Build.0 = BuiltWithUnrealBuildTool|Win32
		{19CAED9B-90E4-4124-B196-344D003329D3}.DebugGame|HTML5.ActiveCfg = BuiltWithUnrealBuildTool|Win32
		{19CAED9B-90E4-4124-B196-344D003329D3}.DebugGame|HTML5.Build.0 = BuiltWithUnrealBuildTool|Win32
		{19CAED9B-90E4-4124-B196-344D003329D3}.DebugGame|Win32.ActiveCfg = BuiltWithUnrealBuildTool|Win32
		{19CAED9B-90E4-4124-B196-344D003329D3}.DebugGame|Win32.Build.0 = BuiltWithUnrealBuildTool|Win32
		{19CAED9B-90E4-4124-B196-344D003329D3}.DebugGame|Win64.ActiveCfg = BuiltWithUnrealBuildTool|Win32
		{19CAED9B-90E4-4124-B196-344D003329D3}.DebugGame|Win64.Build.0 = BuiltWithUnrealBuildTool|Win32
		{19CAED9B-90E4-4124-B196-344D003329D3}.Development Editor|HTML5.ActiveCfg = BuiltWithUnrealBuildTool|Win32
		{19CAED9B-90E4-4124-B196-344D003329D3}.Development Editor|HTML5.Build.0 = BuiltWithUnrealBuildTool|Win32
		{19CAED9B-90E4-4124-B196-344D003329D3}.Development Editor|Win32.ActiveCfg = BuiltWithUnrealBuildTool|Win32
		{19CAED9B-90E4-4124-B196-344D003329D3}.Development Editor|Win32.Build.0 = BuiltWithUnrealBuildTool|Win32
		{19CAED9B-90E4-4124-B196-344D003329D3}.Development Editor|Win64.ActiveCfg = BuiltWithUnrealBuildTool|Win32
		{19CAED9B-90E4-4124-B196-344D003329D3}.Development Editor|Win64.Build.0 = BuiltWithUnrealBuildTool|Win32
		{19CAED9B-90E4-4124-B196-344D003329D3}.Development|HTML5.ActiveCfg = BuiltWithUnrealBuildTool|Win32
		{19CAED9B-90E4-4124-B196-344D003329D3}.Development|HTML5.Build.0 = BuiltWithUnrealBuildTool|Win32
		{19CAED9B-90E4-4124-B196-344D003329D3}.Development|Win32.ActiveCfg = BuiltWithUnrealBuildTool|Win32
		{19CAED9B-90E4-4124-B196-344D003329D3}.Development|Win32.Build.0 = BuiltWithUnrealBuildTool|Win32
		{19CAED9B-90E4-4124-B196-344D003329D3}.Development|Win64.ActiveCfg = BuiltWithUnrealBuildTool|Win32
		{19CAED9B-90E4-4124-B196-344D003329D3}.Development|Win64.Build.0 = BuiltWithUnrealBuildTool|Win32
		{19CAED9B-90E4-4124-B196-344D003329D3}.Shipping|HTML5.ActiveCfg = BuiltWithUnrealBuildTool|Win32
		{19CAED9B-90E4-4124-B196-344D003329D3}.Shipping|HTML5.Build.0 = BuiltWithUnrealBuildTool|Win32
		{19CAED9B-90E4-4124-B196-344D003329D3}.Shipping|Win32.ActiveCfg = BuiltWithUnrealBuildTool|Win32
		{19CAED9B-90E4-4124-B196-344D003329D3}.Shipping|Win32.Build.0 = BuiltWithUnrealBuildTool|Win32
		{19CAED9B-90E4-4124-B196-344D003329D3}.Shipping|Win64.ActiveCfg = BuiltWithUnrealBuildTool|Win32
		{19CAED9B-90E4-4124-B196-344D003329D3}.Shipping|Win64.Build.0 = BuiltWithUnrealBuildTool|Win32
		{19BA92C6-8D09-4CDA-90E7-DA49144C0BD4}.DebugGame Editor|HTML5.ActiveCfg = HTML5_DebugGame_Editor|Win32
		{19BA92C6-8D09-4CDA-90E7-DA49144C0BD4}.DebugGame Editor|Win32.ActiveCfg = DebugGame_Editor|Win32
		{19BA92C6-8D09-4CDA-90E7-DA49144C0BD4}.DebugGame Editor|Win64.ActiveCfg = DebugGame_Editor|x64
		{19BA92C6-8D09-4CDA-90E7-DA49144C0BD4}.DebugGame Editor|Win64.Build.0 = DebugGame_Editor|x64
		{19BA92C6-8D09-4CDA-90E7-DA49144C0BD4}.DebugGame|HTML5.ActiveCfg = HTML5_DebugGame_Game|Win32
		{19BA92C6-8D09-4CDA-90E7-DA49144C0BD4}.DebugGame|HTML5.Build.0 = HTML5_DebugGame_Game|Win32
		{19BA92C6-8D09-4CDA-90E7-DA49144C0BD4}.DebugGame|Win32.ActiveCfg = DebugGame_Game|Win32
		{19BA92C6-8D09-4CDA-90E7-DA49144C0BD4}.DebugGame|Win32.Build.0 = DebugGame_Game|Win32
		{19BA92C6-8D09-4CDA-90E7-DA49144C0BD4}.DebugGame|Win64.ActiveCfg = DebugGame_Game|x64
		{19BA92C6-8D09-4CDA-90E7-DA49144C0BD4}.DebugGame|Win64.Build.0 = DebugGame_Game|x64
		{19BA92C6-8D09-4CDA-90E7-DA49144C0BD4}.Development Editor|HTML5.ActiveCfg = HTML5_Development_Editor|Win32
		{19BA92C6-8D09-4CDA-90E7-DA49144C0BD4}.Development Editor|Win32.ActiveCfg = Development_Editor|Win32
		{19BA92C6-8D09-4CDA-90E7-DA49144C0BD4}.Development Editor|Win64.ActiveCfg = Development_Editor|x64
		{19BA92C6-8D09-4CDA-90E7-DA49144C0BD4}.Development Editor|Win64.Build.0 = Development_Editor|x64
		{19BA92C6-8D09-4CDA-90E7-DA49144C0BD4}.Development|HTML5.ActiveCfg = HTML5_Development_Game|Win32
		{19BA92C6-8D09-4CDA-90E7-DA49144C0BD4}.Development|HTML5.Build.0 = HTML5_Development_Game|Win32
		{19BA92C6-8D09-4CDA-90E7-DA49144C0BD4}.Development|Win32.ActiveCfg = Development_Game|Win32
		{19BA92C6-8D09-4CDA-90E7-DA49144C0BD4}.Development|Win32.Build.0 = Development_Game|Win32
		{19BA92C6-8D09-4CDA-90E7-DA49144C0BD4}.Development|Win64.ActiveCfg = Development_Game|x64
		{19BA92C6-8D09-4CDA-90E7-DA49144C0BD4}.Development|Win64.Build.0 = Development_Game|x64
		{19BA92C6-8D09-4CDA-90E7-DA49144C0BD4}.Shipping|HTML5.ActiveCfg = HTML5_Shipping_Game|Win32
		{19BA92C6-8D09-4CDA-90E7-DA49144C0BD4}.Shipping|HTML5.Build.0 = HTML5_Shipping_Game|Win32
		{19BA92C6-8D09-4CDA-90E7-DA49144C0BD4}.Shipping|Win32.ActiveCfg = Shipping_Game|Win32
		{19BA92C6-8D09-4CDA-90E7-DA49144C0BD4}.Shipping|Win32.Build.0 = Shipping_Game|Win32
		{19BA92C6-8D09-4CDA-90E7-DA49144C0BD4}.Shipping|Win64.ActiveCfg = Shipping_Game|x64
		{19BA92C6-8D09-4CDA-90E7-DA49144C0BD4}.Shipping|Win64.Build.0 = Shipping_Game|x64
	EndGlobalSection
	GlobalSection(SolutionProperties) = preSolution
		HideSolutionNode = FALSE
	EndGlobalSection
	GlobalSection(NestedProjects) = preSolution
		{19CAED9B-90E4-4124-B196-344D003329D3} = {D07978D0-93FA-4A62-9872-C75AD81F8602}
		{19BA92C6-8D09-4CDA-90E7-DA49144C0BD4} = {8D4F5436-730B-4A9C-9D7F-C7E4C67AB986}
	EndGlobalSection
	GlobalSection(ExtensibilityGlobals) = postSolution
		SolutionGuid = {1A8A3944-6381-4B73-ACA5-2436626B92EC}
	EndGlobalSection
EndGlobal
